
Microsoft Visual Studio Solution File, Format Version 12.00
# Visual Studio Version 17
VisualStudioVersion = 17.4.33213.308
MinimumVisualStudioVersion = 10.0.40219.1
Project("{FAE04EC0-301F-11D3-BF4B-00C04F79EFBC}") = "Libreria.Web", "Libreria.Web\Libreria.Web.csproj", "{6874A525-593F-4603-9C2B-2A2D4E0F221E}"
EndProject
Global
	GlobalSection(SolutionConfigurationPlatforms) = preSolution
		Debug|Any CPU = Debug|Any CPU
		Release|Any CPU = Release|Any CPU
	EndGlobalSection
	GlobalSection(ProjectConfigurationPlatforms) = postSolution
		{6874A525-593F-4603-9C2B-2A2D4E0F221E}.Debug|Any CPU.ActiveCfg = Debug|Any CPU
		{6874A525-593F-4603-9C2B-2A2D4E0F221E}.Debug|Any CPU.Build.0 = Debug|Any CPU
		{6874A525-593F-4603-9C2B-2A2D4E0F221E}.Release|Any CPU.ActiveCfg = Release|Any CPU
		{6874A525-593F-4603-9C2B-2A2D4E0F221E}.Release|Any CPU.Build.0 = Release|Any CPU
	EndGlobalSection
	GlobalSection(SolutionProperties) = preSolution
		HideSolutionNode = FALSE
	EndGlobalSection
	GlobalSection(ExtensibilityGlobals) = postSolution
		SolutionGuid = {A1376D75-8064-4709-AFE1-0BFB7A77E4BA}
	EndGlobalSection
EndGlobal
